{
  "name": "litelementtodolist",
  "version": "1.0.0",
  "lockfileVersion": 1,
  "requires": true,
  "dependencies": {
    "@material/animation": {
      "version": "12.0.0-canary.197f64fa2.0",
      "resolved": "https://globaldevtools.bbva.com:443/artifactory/api/npm/npm-repo/@material/animation/-/animation-12.0.0-canary.197f64fa2.0.tgz",
      "integrity": "sha1-wMpYFhgyC1KrACxMkwIAWNOzans=",
      "requires": {
        "tslib": "^2.1.0"
      }
    },
    "@material/base": {
      "version": "12.0.0-canary.197f64fa2.0",
      "resolved": "https://globaldevtools.bbva.com:443/artifactory/api/npm/npm-repo/@material/base/-/base-12.0.0-canary.197f64fa2.0.tgz",
      "integrity": "sha1-FCwHm3IAVBnVqgtJm0rNNcLFZOM=",
      "requires": {
        "tslib": "^2.1.0"
      }
    },
    "@material/density": {
      "version": "12.0.0-canary.197f64fa2.0",
      "resolved": "https://globaldevtools.bbva.com:443/artifactory/api/npm/npm-repo/@material/density/-/density-12.0.0-canary.197f64fa2.0.tgz",
      "integrity": "sha1-O5JjzUXz63k6B3hHuWr3SJYg5VQ=",
      "requires": {
        "tslib": "^2.1.0"
      }
    },
    "@material/dom": {
      "version": "12.0.0-canary.197f64fa2.0",
      "resolved": "https://globaldevtools.bbva.com:443/artifactory/api/npm/npm-repo/@material/dom/-/dom-12.0.0-canary.197f64fa2.0.tgz",
      "integrity": "sha1-hX/MNkamymzeDtj0wLoSwbzpbaU=",
      "requires": {
        "@material/feature-targeting": "12.0.0-canary.197f64fa2.0",
        "tslib": "^2.1.0"
      }
    },
    "@material/feature-targeting": {
      "version": "12.0.0-canary.197f64fa2.0",
      "resolved": "https://globaldevtools.bbva.com:443/artifactory/api/npm/npm-repo/@material/feature-targeting/-/feature-targeting-12.0.0-canary.197f64fa2.0.tgz",
      "integrity": "sha1-TlXBZk7oMZ01LsmO8jZdeZB0f58=",
      "requires": {
        "tslib": "^2.1.0"
      }
    },
    "@material/floating-label": {
      "version": "12.0.0-canary.197f64fa2.0",
      "resolved": "https://globaldevtools.bbva.com:443/artifactory/api/npm/npm-repo/@material/floating-label/-/floating-label-12.0.0-canary.197f64fa2.0.tgz",
      "integrity": "sha1-ncdnZXVBQ63R6uGgkA3aN0Bs4Pg=",
      "requires": {
        "@material/animation": "12.0.0-canary.197f64fa2.0",
        "@material/base": "12.0.0-canary.197f64fa2.0",
        "@material/dom": "12.0.0-canary.197f64fa2.0",
        "@material/feature-targeting": "12.0.0-canary.197f64fa2.0",
        "@material/rtl": "12.0.0-canary.197f64fa2.0",
        "@material/theme": "12.0.0-canary.197f64fa2.0",
        "@material/typography": "12.0.0-canary.197f64fa2.0",
        "tslib": "^2.1.0"
      }
    },
    "@material/line-ripple": {
      "version": "12.0.0-canary.197f64fa2.0",
      "resolved": "https://globaldevtools.bbva.com:443/artifactory/api/npm/npm-repo/@material/line-ripple/-/line-ripple-12.0.0-canary.197f64fa2.0.tgz",
      "integrity": "sha1-KQ1WiyJmnD3LlM6+CEIM/MzquYw=",
      "requires": {
        "@material/animation": "12.0.0-canary.197f64fa2.0",
        "@material/base": "12.0.0-canary.197f64fa2.0",
        "@material/feature-targeting": "12.0.0-canary.197f64fa2.0",
        "@material/theme": "12.0.0-canary.197f64fa2.0",
        "tslib": "^2.1.0"
      }
    },
    "@material/list": {
      "version": "12.0.0-canary.197f64fa2.0",
      "resolved": "https://globaldevtools.bbva.com:443/artifactory/api/npm/npm-repo/@material/list/-/list-12.0.0-canary.197f64fa2.0.tgz",
      "integrity": "sha1-1Q79/WBI9IC+edPpixijSjvOx/U=",
      "requires": {
        "@material/base": "12.0.0-canary.197f64fa2.0",
        "@material/density": "12.0.0-canary.197f64fa2.0",
        "@material/dom": "12.0.0-canary.197f64fa2.0",
        "@material/feature-targeting": "12.0.0-canary.197f64fa2.0",
        "@material/ripple": "12.0.0-canary.197f64fa2.0",
        "@material/rtl": "12.0.0-canary.197f64fa2.0",
        "@material/shape": "12.0.0-canary.197f64fa2.0",
        "@material/theme": "12.0.0-canary.197f64fa2.0",
        "@material/typography": "12.0.0-canary.197f64fa2.0",
        "tslib": "^2.1.0"
      }
    },
    "@material/mwc-base": {
      "version": "0.21.0",
      "resolved": "https://globaldevtools.bbva.com:443/artifactory/api/npm/npm-repo/@material/mwc-base/-/mwc-base-0.21.0.tgz",
      "integrity": "sha1-joCITL/ExdwbjUYLtAN9/brISv8=",
      "requires": {
        "@material/base": "=12.0.0-canary.197f64fa2.0",
        "@material/dom": "=12.0.0-canary.197f64fa2.0",
        "lit-element": "~2.4.0",
        "tslib": "^2.0.1"
      },
      "dependencies": {
        "lit-element": {
          "version": "2.4.0",
          "resolved": "https://globaldevtools.bbva.com:443/artifactory/api/npm/npm-repo/lit-element/-/lit-element-2.4.0.tgz",
          "integrity": "sha1-siYHoDeo/Aj1qAc23d9/P11AFFI=",
          "requires": {
            "lit-html": "^1.1.1"
          }
        }
      }
    },
    "@material/mwc-button": {
      "version": "0.21.0",
      "resolved": "https://globaldevtools.bbva.com:443/artifactory/api/npm/npm-repo/@material/mwc-button/-/mwc-button-0.21.0.tgz",
      "integrity": "sha1-57/fzRpVwz46jUGzyq2C9TyALAY=",
      "requires": {
        "@material/mwc-icon": "^0.21.0",
        "@material/mwc-ripple": "^0.21.0",
        "lit-element": "~2.4.0",
        "lit-html": "^1.1.2",
        "tslib": "^2.0.1"
      },
      "dependencies": {
        "lit-element": {
          "version": "2.4.0",
          "resolved": "https://globaldevtools.bbva.com:443/artifactory/api/npm/npm-repo/lit-element/-/lit-element-2.4.0.tgz",
          "integrity": "sha1-siYHoDeo/Aj1qAc23d9/P11AFFI=",
          "requires": {
            "lit-html": "^1.1.1"
          }
        }
      }
    },
    "@material/mwc-checkbox": {
      "version": "0.21.0",
      "resolved": "https://globaldevtools.bbva.com:443/artifactory/api/npm/npm-repo/@material/mwc-checkbox/-/mwc-checkbox-0.21.0.tgz",
      "integrity": "sha1-kGNjXRDgdkfDibworPDzgJ8xDmM=",
      "requires": {
        "@material/mwc-base": "^0.21.0",
        "@material/mwc-ripple": "^0.21.0",
        "lit-element": "~2.4.0",
        "lit-html": "^1.1.2",
        "tslib": "^2.0.1"
      },
      "dependencies": {
        "lit-element": {
          "version": "2.4.0",
          "resolved": "https://globaldevtools.bbva.com:443/artifactory/api/npm/npm-repo/lit-element/-/lit-element-2.4.0.tgz",
          "integrity": "sha1-siYHoDeo/Aj1qAc23d9/P11AFFI=",
          "requires": {
            "lit-html": "^1.1.1"
          }
        }
      }
    },
    "@material/mwc-floating-label": {
      "version": "0.21.0",
      "resolved": "https://globaldevtools.bbva.com:443/artifactory/api/npm/npm-repo/@material/mwc-floating-label/-/mwc-floating-label-0.21.0.tgz",
      "integrity": "sha1-muiRJoCsky9dGYfI7AHaPB/TdDI=",
      "requires": {
        "@material/floating-label": "=12.0.0-canary.197f64fa2.0",
        "lit-element": "~2.4.0",
        "lit-html": "^1.1.2",
        "tslib": "^2.0.1"
      },
      "dependencies": {
        "lit-element": {
          "version": "2.4.0",
          "resolved": "https://globaldevtools.bbva.com:443/artifactory/api/npm/npm-repo/lit-element/-/lit-element-2.4.0.tgz",
          "integrity": "sha1-siYHoDeo/Aj1qAc23d9/P11AFFI=",
          "requires": {
            "lit-html": "^1.1.1"
          }
        }
      }
    },
    "@material/mwc-icon": {
      "version": "0.21.0",
      "resolved": "https://globaldevtools.bbva.com:443/artifactory/api/npm/npm-repo/@material/mwc-icon/-/mwc-icon-0.21.0.tgz",
      "integrity": "sha1-6YreWVp+/Gh6eTg9Ac3wwC/Lsts=",
      "requires": {
        "lit-element": "~2.4.0",
        "tslib": "^2.0.1"
      },
      "dependencies": {
        "lit-element": {
          "version": "2.4.0",
          "resolved": "https://globaldevtools.bbva.com:443/artifactory/api/npm/npm-repo/lit-element/-/lit-element-2.4.0.tgz",
          "integrity": "sha1-siYHoDeo/Aj1qAc23d9/P11AFFI=",
          "requires": {
            "lit-html": "^1.1.1"
          }
        }
      }
    },
    "@material/mwc-line-ripple": {
      "version": "0.21.0",
      "resolved": "https://globaldevtools.bbva.com:443/artifactory/api/npm/npm-repo/@material/mwc-line-ripple/-/mwc-line-ripple-0.21.0.tgz",
      "integrity": "sha1-PvlAGn1bBKUsInxuYFfQJxEoFjo=",
      "requires": {
        "@material/line-ripple": "=12.0.0-canary.197f64fa2.0",
        "lit-element": "~2.4.0",
        "lit-html": "^1.1.2",
        "tslib": "^2.0.1"
      },
      "dependencies": {
        "lit-element": {
          "version": "2.4.0",
          "resolved": "https://globaldevtools.bbva.com:443/artifactory/api/npm/npm-repo/lit-element/-/lit-element-2.4.0.tgz",
          "integrity": "sha1-siYHoDeo/Aj1qAc23d9/P11AFFI=",
          "requires": {
            "lit-html": "^1.1.1"
          }
        }
      }
    },
    "@material/mwc-list": {
      "version": "0.21.0",
      "resolved": "https://globaldevtools.bbva.com:443/artifactory/api/npm/npm-repo/@material/mwc-list/-/mwc-list-0.21.0.tgz",
      "integrity": "sha1-fjGAzZQA51PIQpoZ0aHLBQ7FFjU=",
      "requires": {
        "@material/base": "=12.0.0-canary.197f64fa2.0",
        "@material/dom": "=12.0.0-canary.197f64fa2.0",
        "@material/list": "=12.0.0-canary.197f64fa2.0",
        "@material/mwc-base": "^0.21.0",
        "@material/mwc-checkbox": "^0.21.0",
        "@material/mwc-radio": "^0.21.0",
        "@material/mwc-ripple": "^0.21.0",
        "lit-element": "~2.4.0",
        "lit-html": "^1.1.2",
        "tslib": "^2.0.1"
      },
      "dependencies": {
        "lit-element": {
          "version": "2.4.0",
          "resolved": "https://globaldevtools.bbva.com:443/artifactory/api/npm/npm-repo/lit-element/-/lit-element-2.4.0.tgz",
          "integrity": "sha1-siYHoDeo/Aj1qAc23d9/P11AFFI=",
          "requires": {
            "lit-html": "^1.1.1"
          }
        }
      }
    },
    "@material/mwc-notched-outline": {
      "version": "0.21.0",
      "resolved": "https://globaldevtools.bbva.com:443/artifactory/api/npm/npm-repo/@material/mwc-notched-outline/-/mwc-notched-outline-0.21.0.tgz",
      "integrity": "sha1-0pmfQpVRkfGB6ajQ0CbT7Wyfow8=",
      "requires": {
        "@material/mwc-base": "^0.21.0",
        "@material/notched-outline": "=12.0.0-canary.197f64fa2.0",
        "lit-element": "~2.4.0",
        "lit-html": "^1.1.2",
        "tslib": "^2.0.1"
      },
      "dependencies": {
        "lit-element": {
          "version": "2.4.0",
          "resolved": "https://globaldevtools.bbva.com:443/artifactory/api/npm/npm-repo/lit-element/-/lit-element-2.4.0.tgz",
          "integrity": "sha1-siYHoDeo/Aj1qAc23d9/P11AFFI=",
          "requires": {
            "lit-html": "^1.1.1"
          }
        }
      }
    },
    "@material/mwc-radio": {
      "version": "0.21.0",
      "resolved": "https://globaldevtools.bbva.com:443/artifactory/api/npm/npm-repo/@material/mwc-radio/-/mwc-radio-0.21.0.tgz",
      "integrity": "sha1-Gl2qOo3qO4HIuDO/pRUdScAS44g=",
      "requires": {
        "@material/mwc-base": "^0.21.0",
        "@material/mwc-ripple": "^0.21.0",
        "@material/radio": "=12.0.0-canary.197f64fa2.0",
        "lit-element": "~2.4.0",
        "tslib": "^2.0.1"
      },
      "dependencies": {
        "lit-element": {
          "version": "2.4.0",
          "resolved": "https://globaldevtools.bbva.com:443/artifactory/api/npm/npm-repo/lit-element/-/lit-element-2.4.0.tgz",
          "integrity": "sha1-siYHoDeo/Aj1qAc23d9/P11AFFI=",
          "requires": {
            "lit-html": "^1.1.1"
          }
        }
      }
    },
    "@material/mwc-ripple": {
      "version": "0.21.0",
      "resolved": "https://globaldevtools.bbva.com:443/artifactory/api/npm/npm-repo/@material/mwc-ripple/-/mwc-ripple-0.21.0.tgz",
      "integrity": "sha1-9YKQzZ5A4vzRxU/OHXZt8Z/sc9U=",
      "requires": {
        "@material/dom": "=12.0.0-canary.197f64fa2.0",
        "@material/mwc-base": "^0.21.0",
        "@material/ripple": "=12.0.0-canary.197f64fa2.0",
        "lit-element": "~2.4.0",
        "lit-html": "^1.1.2",
        "tslib": "^2.0.1"
      },
      "dependencies": {
        "lit-element": {
          "version": "2.4.0",
          "resolved": "https://globaldevtools.bbva.com:443/artifactory/api/npm/npm-repo/lit-element/-/lit-element-2.4.0.tgz",
          "integrity": "sha1-siYHoDeo/Aj1qAc23d9/P11AFFI=",
          "requires": {
            "lit-html": "^1.1.1"
          }
        }
      }
    },
    "@material/mwc-textarea": {
      "version": "0.21.0",
      "resolved": "https://globaldevtools.bbva.com:443/artifactory/api/npm/npm-repo/@material/mwc-textarea/-/mwc-textarea-0.21.0.tgz",
      "integrity": "sha1-23zRj3OM8KbgtuQsE9CxPNkC6Ho=",
      "requires": {
        "@material/mwc-base": "^0.21.0",
        "@material/mwc-textfield": "^0.21.0",
        "lit-element": "~2.4.0",
        "lit-html": "^1.1.2",
        "tslib": "^2.0.1"
      },
      "dependencies": {
        "lit-element": {
          "version": "2.4.0",
          "resolved": "https://globaldevtools.bbva.com:443/artifactory/api/npm/npm-repo/lit-element/-/lit-element-2.4.0.tgz",
          "integrity": "sha1-siYHoDeo/Aj1qAc23d9/P11AFFI=",
          "requires": {
            "lit-html": "^1.1.1"
          }
        }
      }
    },
    "@material/mwc-textfield": {
      "version": "0.21.0",
      "resolved": "https://globaldevtools.bbva.com:443/artifactory/api/npm/npm-repo/@material/mwc-textfield/-/mwc-textfield-0.21.0.tgz",
      "integrity": "sha1-72eWGGkERzXJfXayd5+tA5VotFw=",
      "requires": {
        "@material/floating-label": "=12.0.0-canary.197f64fa2.0",
        "@material/line-ripple": "=12.0.0-canary.197f64fa2.0",
        "@material/mwc-base": "^0.21.0",
        "@material/mwc-floating-label": "^0.21.0",
        "@material/mwc-line-ripple": "^0.21.0",
        "@material/mwc-notched-outline": "^0.21.0",
        "@material/textfield": "=12.0.0-canary.197f64fa2.0",
        "lit-element": "~2.4.0",
        "lit-html": "^1.1.2",
        "tslib": "^2.0.1"
      },
      "dependencies": {
        "lit-element": {
          "version": "2.4.0",
          "resolved": "https://globaldevtools.bbva.com:443/artifactory/api/npm/npm-repo/lit-element/-/lit-element-2.4.0.tgz",
          "integrity": "sha1-siYHoDeo/Aj1qAc23d9/P11AFFI=",
          "requires": {
            "lit-html": "^1.1.1"
          }
        }
      }
    },
    "@material/notched-outline": {
      "version": "12.0.0-canary.197f64fa2.0",
      "resolved": "https://globaldevtools.bbva.com:443/artifactory/api/npm/npm-repo/@material/notched-outline/-/notched-outline-12.0.0-canary.197f64fa2.0.tgz",
      "integrity": "sha1-wikmUhB/u+gGI0Fy7kGQKNloBf4=",
      "requires": {
        "@material/base": "12.0.0-canary.197f64fa2.0",
        "@material/feature-targeting": "12.0.0-canary.197f64fa2.0",
        "@material/floating-label": "12.0.0-canary.197f64fa2.0",
        "@material/rtl": "12.0.0-canary.197f64fa2.0",
        "@material/shape": "12.0.0-canary.197f64fa2.0",
        "@material/theme": "12.0.0-canary.197f64fa2.0",
        "tslib": "^2.1.0"
      }
    },
    "@material/radio": {
      "version": "12.0.0-canary.197f64fa2.0",
      "resolved": "https://globaldevtools.bbva.com:443/artifactory/api/npm/npm-repo/@material/radio/-/radio-12.0.0-canary.197f64fa2.0.tgz",
      "integrity": "sha1-3aPuVeD5AbzQxbmvRr88vlL8Weo=",
      "requires": {
        "@material/animation": "12.0.0-canary.197f64fa2.0",
        "@material/base": "12.0.0-canary.197f64fa2.0",
        "@material/density": "12.0.0-canary.197f64fa2.0",
        "@material/dom": "12.0.0-canary.197f64fa2.0",
        "@material/feature-targeting": "12.0.0-canary.197f64fa2.0",
        "@material/ripple": "12.0.0-canary.197f64fa2.0",
        "@material/theme": "12.0.0-canary.197f64fa2.0",
        "@material/touch-target": "12.0.0-canary.197f64fa2.0",
        "tslib": "^2.1.0"
      }
    },
    "@material/ripple": {
      "version": "12.0.0-canary.197f64fa2.0",
      "resolved": "https://globaldevtools.bbva.com:443/artifactory/api/npm/npm-repo/@material/ripple/-/ripple-12.0.0-canary.197f64fa2.0.tgz",
      "integrity": "sha1-w+ltQkBBEbEuoE63LiDDmjwWJhM=",
      "requires": {
        "@material/animation": "12.0.0-canary.197f64fa2.0",
        "@material/base": "12.0.0-canary.197f64fa2.0",
        "@material/dom": "12.0.0-canary.197f64fa2.0",
        "@material/feature-targeting": "12.0.0-canary.197f64fa2.0",
        "@material/theme": "12.0.0-canary.197f64fa2.0",
        "tslib": "^2.1.0"
      }
    },
    "@material/rtl": {
      "version": "12.0.0-canary.197f64fa2.0",
      "resolved": "https://globaldevtools.bbva.com:443/artifactory/api/npm/npm-repo/@material/rtl/-/rtl-12.0.0-canary.197f64fa2.0.tgz",
      "integrity": "sha1-TU2LVIZ6f9nrbwzAAtJb0nULoLw=",
      "requires": {
        "@material/theme": "12.0.0-canary.197f64fa2.0",
        "tslib": "^2.1.0"
      }
    },
    "@material/shape": {
      "version": "12.0.0-canary.197f64fa2.0",
      "resolved": "https://globaldevtools.bbva.com:443/artifactory/api/npm/npm-repo/@material/shape/-/shape-12.0.0-canary.197f64fa2.0.tgz",
      "integrity": "sha1-drAbSX5HjsjxFWgavvjdasw/iJE=",
      "requires": {
        "@material/feature-targeting": "12.0.0-canary.197f64fa2.0",
        "@material/rtl": "12.0.0-canary.197f64fa2.0",
        "@material/theme": "12.0.0-canary.197f64fa2.0",
        "tslib": "^2.1.0"
      }
    },
    "@material/textfield": {
      "version": "12.0.0-canary.197f64fa2.0",
      "resolved": "https://globaldevtools.bbva.com:443/artifactory/api/npm/npm-repo/@material/textfield/-/textfield-12.0.0-canary.197f64fa2.0.tgz",
      "integrity": "sha1-3IzvOovSGa6QlWtn6XJ6y84fwEI=",
      "requires": {
        "@material/animation": "12.0.0-canary.197f64fa2.0",
        "@material/base": "12.0.0-canary.197f64fa2.0",
        "@material/density": "12.0.0-canary.197f64fa2.0",
        "@material/dom": "12.0.0-canary.197f64fa2.0",
        "@material/feature-targeting": "12.0.0-canary.197f64fa2.0",
        "@material/floating-label": "12.0.0-canary.197f64fa2.0",
        "@material/line-ripple": "12.0.0-canary.197f64fa2.0",
        "@material/notched-outline": "12.0.0-canary.197f64fa2.0",
        "@material/ripple": "12.0.0-canary.197f64fa2.0",
        "@material/rtl": "12.0.0-canary.197f64fa2.0",
        "@material/shape": "12.0.0-canary.197f64fa2.0",
        "@material/theme": "12.0.0-canary.197f64fa2.0",
        "@material/typography": "12.0.0-canary.197f64fa2.0",
        "tslib": "^2.1.0"
      }
    },
    "@material/theme": {
      "version": "12.0.0-canary.197f64fa2.0",
      "resolved": "https://globaldevtools.bbva.com:443/artifactory/api/npm/npm-repo/@material/theme/-/theme-12.0.0-canary.197f64fa2.0.tgz",
      "integrity": "sha1-JEOHQlGgzYJ6iCnlXreSo2ZABQg=",
      "requires": {
        "@material/feature-targeting": "12.0.0-canary.197f64fa2.0",
        "tslib": "^2.1.0"
      }
    },
    "@material/touch-target": {
      "version": "12.0.0-canary.197f64fa2.0",
      "resolved": "https://globaldevtools.bbva.com:443/artifactory/api/npm/npm-repo/@material/touch-target/-/touch-target-12.0.0-canary.197f64fa2.0.tgz",
      "integrity": "sha1-5ErZ4jhEnoKvKmbRkmySvJsidYc=",
      "requires": {
        "@material/base": "12.0.0-canary.197f64fa2.0",
        "@material/feature-targeting": "12.0.0-canary.197f64fa2.0",
        "tslib": "^2.1.0"
      }
    },
    "@material/typography": {
      "version": "12.0.0-canary.197f64fa2.0",
      "resolved": "https://globaldevtools.bbva.com:443/artifactory/api/npm/npm-repo/@material/typography/-/typography-12.0.0-canary.197f64fa2.0.tgz",
      "integrity": "sha1-VObUEqa1X30tspmfL+azhQk53v4=",
      "requires": {
        "@material/feature-targeting": "12.0.0-canary.197f64fa2.0",
        "@material/theme": "12.0.0-canary.197f64fa2.0",
        "tslib": "^2.1.0"
      }
    },
    "@webcomponents/webcomponentsjs": {
      "version": "2.5.0",
      "resolved": "https://globaldevtools.bbva.com:443/artifactory/api/npm/npm-repo/@webcomponents/webcomponentsjs/-/webcomponentsjs-2.5.0.tgz",
      "integrity": "sha1-YbJ3haatW/1o+gGCAf5BixGMs40="
    },
    "lit-element": {
      "version": "2.5.1",
      "resolved": "https://globaldevtools.bbva.com:443/artifactory/api/npm/npm-repo/lit-element/-/lit-element-2.5.1.tgz",
      "integrity": "sha1-P6dLEhps0ikCQJrjhZt4R9AaprY=",
      "requires": {
        "lit-html": "^1.1.1"
      }
    },
    "lit-html": {
      "version": "1.4.1",
      "resolved": "https://globaldevtools.bbva.com:443/artifactory/api/npm/npm-repo/lit-html/-/lit-html-1.4.1.tgz",
      "integrity": "sha1-DG8+5K1OthCkmDF4fwR4rY6a5eA="
    },
    "tslib": {
      "version": "2.2.0",
      "resolved": "https://globaldevtools.bbva.com:443/artifactory/api/npm/npm-repo/tslib/-/tslib-2.2.0.tgz",
      "integrity": "sha1-+yxHWXfjXiQTEe3iaTzuHsZpj1w="
    }
  }
}
